
Microsoft Visual Studio Solution File, Format Version 12.00
# Visual Studio Version 16
VisualStudioVersion = 16.0.28902.138
MinimumVisualStudioVersion = 10.0.40219.1
Project("{FAE04EC0-301F-11D3-BF4B-00C04F79EFBC}") = "DatabaseBenchmark", "DatabaseBenchmark\DatabaseBenchmark.csproj", "{676CE3CD-9964-4D6E-A6B2-88471B52B1D7}"
EndProject
Global
	GlobalSection(SolutionConfigurationPlatforms) = preSolution
		Debug|Any CPU = Debug|Any CPU
		Release|Any CPU = Release|Any CPU
	EndGlobalSection
	GlobalSection(ProjectConfigurationPlatforms) = postSolution
		{676CE3CD-9964-4D6E-A6B2-88471B52B1D7}.Debug|Any CPU.ActiveCfg = Debug|Any CPU
		{676CE3CD-9964-4D6E-A6B2-88471B52B1D7}.Debug|Any CPU.Build.0 = Debug|Any CPU
		{676CE3CD-9964-4D6E-A6B2-88471B52B1D7}.Release|Any CPU.ActiveCfg = Release|Any CPU
		{676CE3CD-9964-4D6E-A6B2-88471B52B1D7}.Release|Any CPU.Build.0 = Release|Any CPU
	EndGlobalSection
	GlobalSection(SolutionProperties) = preSolution
		HideSolutionNode = FALSE
	EndGlobalSection
	GlobalSection(ExtensibilityGlobals) = postSolution
		SolutionGuid = {9A81B2E7-5843-4F41-B40E-05CDBCBDA919}
	EndGlobalSection
EndGlobal
